
Microsoft Visual Studio Solution File, Format Version 12.00
# Visual Studio Version 17
VisualStudioVersion = 17.6.33829.357
MinimumVisualStudioVersion = 10.0.40219.1
Project("{9A19103F-16F7-4668-BE54-9A1E7A4F7556}") = "WebAPI", "WebAPI\WebAPI.csproj", "{FEC4E332-357D-4459-AC73-D231E1B85C77}"
EndProject
Project("{FAE04EC0-301F-11D3-BF4B-00C04F79EFBC}") = "ConsoleUI", "ConsoleUI\ConsoleUI.csproj", "{F1BFCB65-0597-41F8-B910-EBE2D34B3467}"
EndProject
Global
	GlobalSection(SolutionConfigurationPlatforms) = preSolution
		Debug|Any CPU = Debug|Any CPU
		Release|Any CPU = Release|Any CPU
	EndGlobalSection
	GlobalSection(ProjectConfigurationPlatforms) = postSolution
		{FEC4E332-357D-4459-AC73-D231E1B85C77}.Debug|Any CPU.ActiveCfg = Debug|Any CPU
		{FEC4E332-357D-4459-AC73-D231E1B85C77}.Debug|Any CPU.Build.0 = Debug|Any CPU
		{FEC4E332-357D-4459-AC73-D231E1B85C77}.Release|Any CPU.ActiveCfg = Release|Any CPU
		{FEC4E332-357D-4459-AC73-D231E1B85C77}.Release|Any CPU.Build.0 = Release|Any CPU
		{F1BFCB65-0597-41F8-B910-EBE2D34B3467}.Debug|Any CPU.ActiveCfg = Debug|Any CPU
		{F1BFCB65-0597-41F8-B910-EBE2D34B3467}.Debug|Any CPU.Build.0 = Debug|Any CPU
		{F1BFCB65-0597-41F8-B910-EBE2D34B3467}.Release|Any CPU.ActiveCfg = Release|Any CPU
		{F1BFCB65-0597-41F8-B910-EBE2D34B3467}.Release|Any CPU.Build.0 = Release|Any CPU
	EndGlobalSection
	GlobalSection(SolutionProperties) = preSolution
		HideSolutionNode = FALSE
	EndGlobalSection
	GlobalSection(ExtensibilityGlobals) = postSolution
		SolutionGuid = {AB850DD2-0673-4D70-A3B4-873735027E26}
	EndGlobalSection
EndGlobal
